
Microsoft Visual Studio Solution File, Format Version 12.00
# Visual Studio 14
VisualStudioVersion = 14.0.23107.0
MinimumVisualStudioVersion = 10.0.40219.1
Project("{FAE04EC0-301F-11D3-BF4B-00C04F79EFBC}") = "DungeonsOfDoom", "DungeonsOfDoom\DungeonsOfDoom.csproj", "{1AA7A286-D215-4279-8966-21BDBA102A26}"
EndProject
Project("{FAE04EC0-301F-11D3-BF4B-00C04F79EFBC}") = "DungeonsOfDoom.Core", "DungeonsOfDoom.Core\DungeonsOfDoom.Core.csproj", "{0397DA17-36E9-4DFF-B9ED-18B891F4B665}"
EndProject
Project("{FAE04EC0-301F-11D3-BF4B-00C04F79EFBC}") = "Utils", "Utils\Utils.csproj", "{17DAD2E1-E83B-4FAF-B48F-7F502B3E6AA3}"
EndProject
Global
	GlobalSection(SolutionConfigurationPlatforms) = preSolution
		Debug|Any CPU = Debug|Any CPU
		Release|Any CPU = Release|Any CPU
	EndGlobalSection
	GlobalSection(ProjectConfigurationPlatforms) = postSolution
		{1AA7A286-D215-4279-8966-21BDBA102A26}.Debug|Any CPU.ActiveCfg = Debug|Any CPU
		{1AA7A286-D215-4279-8966-21BDBA102A26}.Debug|Any CPU.Build.0 = Debug|Any CPU
		{1AA7A286-D215-4279-8966-21BDBA102A26}.Release|Any CPU.ActiveCfg = Release|Any CPU
		{1AA7A286-D215-4279-8966-21BDBA102A26}.Release|Any CPU.Build.0 = Release|Any CPU
		{0397DA17-36E9-4DFF-B9ED-18B891F4B665}.Debug|Any CPU.ActiveCfg = Debug|Any CPU
		{0397DA17-36E9-4DFF-B9ED-18B891F4B665}.Debug|Any CPU.Build.0 = Debug|Any CPU
		{0397DA17-36E9-4DFF-B9ED-18B891F4B665}.Release|Any CPU.ActiveCfg = Release|Any CPU
		{0397DA17-36E9-4DFF-B9ED-18B891F4B665}.Release|Any CPU.Build.0 = Release|Any CPU
		{17DAD2E1-E83B-4FAF-B48F-7F502B3E6AA3}.Debug|Any CPU.ActiveCfg = Debug|Any CPU
		{17DAD2E1-E83B-4FAF-B48F-7F502B3E6AA3}.Debug|Any CPU.Build.0 = Debug|Any CPU
		{17DAD2E1-E83B-4FAF-B48F-7F502B3E6AA3}.Release|Any CPU.ActiveCfg = Release|Any CPU
		{17DAD2E1-E83B-4FAF-B48F-7F502B3E6AA3}.Release|Any CPU.Build.0 = Release|Any CPU
	EndGlobalSection
	GlobalSection(SolutionProperties) = preSolution
		HideSolutionNode = FALSE
	EndGlobalSection
EndGlobal
